
Microsoft Visual Studio Solution File, Format Version 12.00
# Visual Studio 2012
Project("{FAE04EC0-301F-11D3-BF4B-00C04F79EFBC}") = "MarketLearner", "MarketLearner\MarketLearner.csproj", "{CCE13F71-BF8A-4174-A1A3-0621DF026726}"
EndProject
Project("{FAE04EC0-301F-11D3-BF4B-00C04F79EFBC}") = "DataManipulation", "DataManipulation\DataManipulation.csproj", "{77E0EAAC-883D-4703-9092-C7C661CD985F}"
EndProject
Project("{FAE04EC0-301F-11D3-BF4B-00C04F79EFBC}") = "TestTraining", "TestTraining\TestTraining.csproj", "{528CF6B8-5F05-45EB-A98C-82D3FEA22715}"
EndProject
Project("{FAE04EC0-301F-11D3-BF4B-00C04F79EFBC}") = "Learning", "Learning\Learning.csproj", "{4B791128-21E4-40F9-9216-25257A669FB6}"
EndProject
Project("{FAE04EC0-301F-11D3-BF4B-00C04F79EFBC}") = "Predict", "Predict\Predict.csproj", "{9EBD0458-313A-4001-A6B4-5EE45C93DA5A}"
EndProject
Global
	GlobalSection(SolutionConfigurationPlatforms) = preSolution
		Debug|Any CPU = Debug|Any CPU
		Release|Any CPU = Release|Any CPU
	EndGlobalSection
	GlobalSection(ProjectConfigurationPlatforms) = postSolution
		{CCE13F71-BF8A-4174-A1A3-0621DF026726}.Debug|Any CPU.ActiveCfg = Debug|Any CPU
		{CCE13F71-BF8A-4174-A1A3-0621DF026726}.Debug|Any CPU.Build.0 = Debug|Any CPU
		{CCE13F71-BF8A-4174-A1A3-0621DF026726}.Release|Any CPU.ActiveCfg = Release|Any CPU
		{CCE13F71-BF8A-4174-A1A3-0621DF026726}.Release|Any CPU.Build.0 = Release|Any CPU
		{77E0EAAC-883D-4703-9092-C7C661CD985F}.Debug|Any CPU.ActiveCfg = Debug|Any CPU
		{77E0EAAC-883D-4703-9092-C7C661CD985F}.Debug|Any CPU.Build.0 = Debug|Any CPU
		{77E0EAAC-883D-4703-9092-C7C661CD985F}.Release|Any CPU.ActiveCfg = Release|Any CPU
		{77E0EAAC-883D-4703-9092-C7C661CD985F}.Release|Any CPU.Build.0 = Release|Any CPU
		{528CF6B8-5F05-45EB-A98C-82D3FEA22715}.Debug|Any CPU.ActiveCfg = Debug|Any CPU
		{528CF6B8-5F05-45EB-A98C-82D3FEA22715}.Debug|Any CPU.Build.0 = Debug|Any CPU
		{528CF6B8-5F05-45EB-A98C-82D3FEA22715}.Release|Any CPU.ActiveCfg = Release|Any CPU
		{528CF6B8-5F05-45EB-A98C-82D3FEA22715}.Release|Any CPU.Build.0 = Release|Any CPU
		{4B791128-21E4-40F9-9216-25257A669FB6}.Debug|Any CPU.ActiveCfg = Debug|Any CPU
		{4B791128-21E4-40F9-9216-25257A669FB6}.Debug|Any CPU.Build.0 = Debug|Any CPU
		{4B791128-21E4-40F9-9216-25257A669FB6}.Release|Any CPU.ActiveCfg = Release|Any CPU
		{4B791128-21E4-40F9-9216-25257A669FB6}.Release|Any CPU.Build.0 = Release|Any CPU
		{9EBD0458-313A-4001-A6B4-5EE45C93DA5A}.Debug|Any CPU.ActiveCfg = Debug|Any CPU
		{9EBD0458-313A-4001-A6B4-5EE45C93DA5A}.Debug|Any CPU.Build.0 = Debug|Any CPU
		{9EBD0458-313A-4001-A6B4-5EE45C93DA5A}.Release|Any CPU.ActiveCfg = Release|Any CPU
		{9EBD0458-313A-4001-A6B4-5EE45C93DA5A}.Release|Any CPU.Build.0 = Release|Any CPU
	EndGlobalSection
	GlobalSection(SolutionProperties) = preSolution
		HideSolutionNode = FALSE
	EndGlobalSection
EndGlobal
